
Microsoft Visual Studio Solution File, Format Version 12.00
# Visual Studio Version 17
VisualStudioVersion = 17.2.32526.322
MinimumVisualStudioVersion = 10.0.40219.1
Project("{FAE04EC0-301F-11D3-BF4B-00C04F79EFBC}") = "SocialMedia.Core", "SocialMedia.Core\SocialMedia.Core.csproj", "{BF2D53E2-56CF-47C3-AAB7-500AB7A53E0C}"
EndProject
Project("{FAE04EC0-301F-11D3-BF4B-00C04F79EFBC}") = "SocialMedia.Infrastructure", "SocialMedia.Infrastructure\SocialMedia.Infrastructure.csproj", "{1E38ED20-CAC4-4CEF-B2E6-7C7013A7B27E}"
EndProject
Project("{FAE04EC0-301F-11D3-BF4B-00C04F79EFBC}") = "SocialMedia.GraphQL", "SocialMedia.GraphQL\SocialMedia.GraphQL.csproj", "{4298B8CC-B6BD-4E45-8421-900252B44FF2}"
EndProject
Project("{FAE04EC0-301F-11D3-BF4B-00C04F79EFBC}") = "SocialMedia.Rest", "SocialMedia.Rest\SocialMedia.Rest.csproj", "{56DB90B2-9D12-4203-A478-A4A4D5B6A8E5}"
EndProject
Project("{2150E333-8FDC-42A3-9474-1A3956D46DE8}") = "src", "src", "{0D05FE8D-6D8F-4518-9E65-35470F77BC48}"
EndProject
Global
	GlobalSection(SolutionConfigurationPlatforms) = preSolution
		Debug|Any CPU = Debug|Any CPU
		Release|Any CPU = Release|Any CPU
	EndGlobalSection
	GlobalSection(ProjectConfigurationPlatforms) = postSolution
		{BF2D53E2-56CF-47C3-AAB7-500AB7A53E0C}.Debug|Any CPU.ActiveCfg = Debug|Any CPU
		{BF2D53E2-56CF-47C3-AAB7-500AB7A53E0C}.Debug|Any CPU.Build.0 = Debug|Any CPU
		{BF2D53E2-56CF-47C3-AAB7-500AB7A53E0C}.Release|Any CPU.ActiveCfg = Release|Any CPU
		{BF2D53E2-56CF-47C3-AAB7-500AB7A53E0C}.Release|Any CPU.Build.0 = Release|Any CPU
		{1E38ED20-CAC4-4CEF-B2E6-7C7013A7B27E}.Debug|Any CPU.ActiveCfg = Debug|Any CPU
		{1E38ED20-CAC4-4CEF-B2E6-7C7013A7B27E}.Debug|Any CPU.Build.0 = Debug|Any CPU
		{1E38ED20-CAC4-4CEF-B2E6-7C7013A7B27E}.Release|Any CPU.ActiveCfg = Release|Any CPU
		{1E38ED20-CAC4-4CEF-B2E6-7C7013A7B27E}.Release|Any CPU.Build.0 = Release|Any CPU
		{4298B8CC-B6BD-4E45-8421-900252B44FF2}.Debug|Any CPU.ActiveCfg = Debug|Any CPU
		{4298B8CC-B6BD-4E45-8421-900252B44FF2}.Debug|Any CPU.Build.0 = Debug|Any CPU
		{4298B8CC-B6BD-4E45-8421-900252B44FF2}.Release|Any CPU.ActiveCfg = Release|Any CPU
		{4298B8CC-B6BD-4E45-8421-900252B44FF2}.Release|Any CPU.Build.0 = Release|Any CPU
		{56DB90B2-9D12-4203-A478-A4A4D5B6A8E5}.Debug|Any CPU.ActiveCfg = Debug|Any CPU
		{56DB90B2-9D12-4203-A478-A4A4D5B6A8E5}.Debug|Any CPU.Build.0 = Debug|Any CPU
		{56DB90B2-9D12-4203-A478-A4A4D5B6A8E5}.Release|Any CPU.ActiveCfg = Release|Any CPU
		{56DB90B2-9D12-4203-A478-A4A4D5B6A8E5}.Release|Any CPU.Build.0 = Release|Any CPU
	EndGlobalSection
	GlobalSection(SolutionProperties) = preSolution
		HideSolutionNode = FALSE
	EndGlobalSection
	GlobalSection(NestedProjects) = preSolution
		{BF2D53E2-56CF-47C3-AAB7-500AB7A53E0C} = {0D05FE8D-6D8F-4518-9E65-35470F77BC48}
		{1E38ED20-CAC4-4CEF-B2E6-7C7013A7B27E} = {0D05FE8D-6D8F-4518-9E65-35470F77BC48}
		{4298B8CC-B6BD-4E45-8421-900252B44FF2} = {0D05FE8D-6D8F-4518-9E65-35470F77BC48}
		{56DB90B2-9D12-4203-A478-A4A4D5B6A8E5} = {0D05FE8D-6D8F-4518-9E65-35470F77BC48}
	EndGlobalSection
	GlobalSection(ExtensibilityGlobals) = postSolution
		SolutionGuid = {D3084C65-F573-4803-8F95-2D296EAFE7A0}
	EndGlobalSection
EndGlobal
